
Microsoft Visual Studio Solution File, Format Version 12.00
# Visual Studio Version 17
VisualStudioVersion = 17.3.32929.385
MinimumVisualStudioVersion = 10.0.40219.1
Project("{FAE04EC0-301F-11D3-BF4B-00C04F79EFBC}") = "Dicionario", "Dicionario.csproj", "{241A69CD-17EC-48A9-9ABD-046683A58764}"
EndProject
Global
	GlobalSection(SolutionConfigurationPlatforms) = preSolution
		Debug|Any CPU = Debug|Any CPU
		Release|Any CPU = Release|Any CPU
	EndGlobalSection
	GlobalSection(ProjectConfigurationPlatforms) = postSolution
		{241A69CD-17EC-48A9-9ABD-046683A58764}.Debug|Any CPU.ActiveCfg = Debug|Any CPU
		{241A69CD-17EC-48A9-9ABD-046683A58764}.Debug|Any CPU.Build.0 = Debug|Any CPU
		{241A69CD-17EC-48A9-9ABD-046683A58764}.Release|Any CPU.ActiveCfg = Release|Any CPU
		{241A69CD-17EC-48A9-9ABD-046683A58764}.Release|Any CPU.Build.0 = Release|Any CPU
	EndGlobalSection
	GlobalSection(SolutionProperties) = preSolution
		HideSolutionNode = FALSE
	EndGlobalSection
	GlobalSection(ExtensibilityGlobals) = postSolution
		SolutionGuid = {904170AE-1E84-46D1-8038-1CDD497D8E08}
	EndGlobalSection
EndGlobal
