
Microsoft Visual Studio Solution File, Format Version 12.00
# Visual Studio Version 17
VisualStudioVersion = 17.3.32929.385
MinimumVisualStudioVersion = 10.0.40219.1
Project("{FAE04EC0-301F-11D3-BF4B-00C04F79EFBC}") = "DroneExploratorio", "DroneExploratorio\DroneExploratorio.csproj", "{9F670463-5762-4BDA-AF25-DE2CE8D7DF94}"
EndProject
Global
	GlobalSection(SolutionConfigurationPlatforms) = preSolution
		Debug|Any CPU = Debug|Any CPU
		Release|Any CPU = Release|Any CPU
	EndGlobalSection
	GlobalSection(ProjectConfigurationPlatforms) = postSolution
		{9F670463-5762-4BDA-AF25-DE2CE8D7DF94}.Debug|Any CPU.ActiveCfg = Debug|Any CPU
		{9F670463-5762-4BDA-AF25-DE2CE8D7DF94}.Debug|Any CPU.Build.0 = Debug|Any CPU
		{9F670463-5762-4BDA-AF25-DE2CE8D7DF94}.Release|Any CPU.ActiveCfg = Release|Any CPU
		{9F670463-5762-4BDA-AF25-DE2CE8D7DF94}.Release|Any CPU.Build.0 = Release|Any CPU
	EndGlobalSection
	GlobalSection(SolutionProperties) = preSolution
		HideSolutionNode = FALSE
	EndGlobalSection
	GlobalSection(ExtensibilityGlobals) = postSolution
		SolutionGuid = {4FEB2C7E-91DC-4AD1-A235-4D6985C9E064}
	EndGlobalSection
EndGlobal
