
Microsoft Visual Studio Solution File, Format Version 12.00
# Visual Studio Version 17
VisualStudioVersion = 17.3.32929.385
MinimumVisualStudioVersion = 10.0.40219.1
Project("{FAE04EC0-301F-11D3-BF4B-00C04F79EFBC}") = "Array-tipe", "Array-tipe\Array-tipe.csproj", "{675CCF37-1232-4DA5-A88E-7C9E6CECE0F8}"
EndProject
Global
	GlobalSection(SolutionConfigurationPlatforms) = preSolution
		Debug|Any CPU = Debug|Any CPU
		Release|Any CPU = Release|Any CPU
	EndGlobalSection
	GlobalSection(ProjectConfigurationPlatforms) = postSolution
		{675CCF37-1232-4DA5-A88E-7C9E6CECE0F8}.Debug|Any CPU.ActiveCfg = Debug|Any CPU
		{675CCF37-1232-4DA5-A88E-7C9E6CECE0F8}.Debug|Any CPU.Build.0 = Debug|Any CPU
		{675CCF37-1232-4DA5-A88E-7C9E6CECE0F8}.Release|Any CPU.ActiveCfg = Release|Any CPU
		{675CCF37-1232-4DA5-A88E-7C9E6CECE0F8}.Release|Any CPU.Build.0 = Release|Any CPU
	EndGlobalSection
	GlobalSection(SolutionProperties) = preSolution
		HideSolutionNode = FALSE
	EndGlobalSection
	GlobalSection(ExtensibilityGlobals) = postSolution
		SolutionGuid = {7DA765F4-3DFB-4D12-B314-190D526ED89B}
	EndGlobalSection
EndGlobal
